
Microsoft Visual Studio Solution File, Format Version 12.00
# Visual Studio Version 17
VisualStudioVersion = 17.13.35919.96 d17.13
MinimumVisualStudioVersion = 10.0.40219.1
Project("{FAE04EC0-301F-11D3-BF4B-00C04F79EFBC}") = "MovieDatabase.API", "MovieDatabase.API\MovieDatabase.API.csproj", "{01B85659-218E-41A7-850A-373277DE517A}"
EndProject
Project("{FAE04EC0-301F-11D3-BF4B-00C04F79EFBC}") = "MovieDatabase.Business", "MovieDatabase.Business\MovieDatabase.Business.csproj", "{45D4CCA7-4EC0-48F6-A2A4-9B3773A4AEFE}"
EndProject
Project("{FAE04EC0-301F-11D3-BF4B-00C04F79EFBC}") = "MovieDatabase.Data", "MovieDatabase.Data\MovieDatabase.Data.csproj", "{A74B5945-C5DC-483A-92B6-67931F37A2AF}"
EndProject
Project("{FAE04EC0-301F-11D3-BF4B-00C04F79EFBC}") = "MovieDatabase.Domain", "MovieDatabase.Domain\MovieDatabase.Domain.csproj", "{FA88B750-6EDC-417B-BE72-570413ECD493}"
EndProject
Global
	GlobalSection(SolutionConfigurationPlatforms) = preSolution
		Debug|Any CPU = Debug|Any CPU
		Release|Any CPU = Release|Any CPU
	EndGlobalSection
	GlobalSection(ProjectConfigurationPlatforms) = postSolution
		{01B85659-218E-41A7-850A-373277DE517A}.Debug|Any CPU.ActiveCfg = Debug|Any CPU
		{01B85659-218E-41A7-850A-373277DE517A}.Debug|Any CPU.Build.0 = Debug|Any CPU
		{01B85659-218E-41A7-850A-373277DE517A}.Release|Any CPU.ActiveCfg = Release|Any CPU
		{01B85659-218E-41A7-850A-373277DE517A}.Release|Any CPU.Build.0 = Release|Any CPU
		{45D4CCA7-4EC0-48F6-A2A4-9B3773A4AEFE}.Debug|Any CPU.ActiveCfg = Debug|Any CPU
		{45D4CCA7-4EC0-48F6-A2A4-9B3773A4AEFE}.Debug|Any CPU.Build.0 = Debug|Any CPU
		{45D4CCA7-4EC0-48F6-A2A4-9B3773A4AEFE}.Release|Any CPU.ActiveCfg = Release|Any CPU
		{45D4CCA7-4EC0-48F6-A2A4-9B3773A4AEFE}.Release|Any CPU.Build.0 = Release|Any CPU
		{A74B5945-C5DC-483A-92B6-67931F37A2AF}.Debug|Any CPU.ActiveCfg = Debug|Any CPU
		{A74B5945-C5DC-483A-92B6-67931F37A2AF}.Debug|Any CPU.Build.0 = Debug|Any CPU
		{A74B5945-C5DC-483A-92B6-67931F37A2AF}.Release|Any CPU.ActiveCfg = Release|Any CPU
		{A74B5945-C5DC-483A-92B6-67931F37A2AF}.Release|Any CPU.Build.0 = Release|Any CPU
		{FA88B750-6EDC-417B-BE72-570413ECD493}.Debug|Any CPU.ActiveCfg = Debug|Any CPU
		{FA88B750-6EDC-417B-BE72-570413ECD493}.Debug|Any CPU.Build.0 = Debug|Any CPU
		{FA88B750-6EDC-417B-BE72-570413ECD493}.Release|Any CPU.ActiveCfg = Release|Any CPU
		{FA88B750-6EDC-417B-BE72-570413ECD493}.Release|Any CPU.Build.0 = Release|Any CPU
	EndGlobalSection
	GlobalSection(SolutionProperties) = preSolution
		HideSolutionNode = FALSE
	EndGlobalSection
	GlobalSection(ExtensibilityGlobals) = postSolution
		SolutionGuid = {B5D33CE0-B9EE-4620-9AF0-D1503BF74901}
	EndGlobalSection
EndGlobal
